packages:
  http:
    dependency: "direct main"
    description:
      name: http
      url: "https://pub.dev"
    source: hosted
    version: "1.2.2"
  meta:
    dependency: transitive
    description:
      name: meta
      url: "https://pub.dev"
    source: hosted
    version: "1.15.0"
  flutter_lints:
    dependency: "direct dev"
    description:
      name: flutter_lints
      url: "https://pub.dev"
    source: hosted
    version: "5.0.0"
  my_local_thing:
    dependency: "direct main"
    description:
      path: "../my_local_thing"
      relative: true
    source: path
    version: "0.0.1"
sdks:
  dart: ">=3.12.0 <4.0.0"
